# @generated - this file is auto-generated by `mise lock` https://mise.en.dev/dev-tools/mise-lock.html

[[tools.go]]
version = "1.25.4"
backend = "core:go"

[tools.go."platforms.linux-arm64"]
checksum = "sha256:a68e86d4b72c2c2fecf7dfed667680b6c2a071221bbdb6913cf83ce3f80d9ff0"
url = "https://dl.google.com/go/go1.25.4.linux-arm64.tar.gz"

[tools.go."platforms.linux-arm64-musl"]
checksum = "sha256:a68e86d4b72c2c2fecf7dfed667680b6c2a071221bbdb6913cf83ce3f80d9ff0"
url = "https://dl.google.com/go/go1.25.4.linux-arm64.tar.gz"

[tools.go."platforms.linux-x64"]
checksum = "sha256:9fa5ffeda4170de60f67f3aa0f824e426421ba724c21e133c1e35d6159ca1bec"
url = "https://dl.google.com/go/go1.25.4.linux-amd64.tar.gz"

[tools.go."platforms.linux-x64-musl"]
checksum = "sha256:9fa5ffeda4170de60f67f3aa0f824e426421ba724c21e133c1e35d6159ca1bec"
url = "https://dl.google.com/go/go1.25.4.linux-amd64.tar.gz"

[tools.go."platforms.macos-arm64"]
checksum = "sha256:c1b04e74251fe1dfbc5382e73d0c6d96f49642d8aebb7ee10a7ecd4cae36ebd2"
url = "https://dl.google.com/go/go1.25.4.darwin-arm64.tar.gz"

[tools.go."platforms.macos-x64"]
checksum = "sha256:33ba03ff9973f5bd26d516eea35328832a9525ecc4d169b15937ffe2ce66a7d8"
url = "https://dl.google.com/go/go1.25.4.darwin-amd64.tar.gz"

[tools.go."platforms.windows-x64"]
checksum = "sha256:6dad204d42719795f22067553b2b042c0e710b32c5a00f6c67892865167fdfd0"
url = "https://dl.google.com/go/go1.25.4.windows-amd64.zip"

[[tools.java]]
version = "26.0.1"
backend = "core:java"

[tools.java."platforms.macos-arm64"]
checksum = "sha256:b2d57405194a312ed4ec6ec08e83b314d3fd2e425e895d704ec5ef8ea6059e17"
url = "https://download.java.net/java/GA/jdk26.0.1/458fda22e4c54d5ba572ab8d2b22eb83/8/GPL/openjdk-26.0.1_macos-aarch64_bin.tar.gz"

[[tools.node]]
version = "25.9.0"
backend = "core:node"

[tools.node."platforms.linux-arm64"]
checksum = "sha256:8fb4283301b8c720fc9f18bffff0f659e72cc14d0cf207a3bb411808aaa73a57"
url = "https://nodejs.org/dist/v25.9.0/node-v25.9.0-linux-arm64.tar.gz"

[tools.node."platforms.linux-arm64-musl"]
checksum = "sha256:8fb4283301b8c720fc9f18bffff0f659e72cc14d0cf207a3bb411808aaa73a57"
url = "https://nodejs.org/dist/v25.9.0/node-v25.9.0-linux-arm64.tar.gz"

[tools.node."platforms.linux-x64"]
checksum = "sha256:134e55b2408448a219760fe04dc44d6851f9de8a79549021ffd870e9082d9e7b"
url = "https://nodejs.org/dist/v25.9.0/node-v25.9.0-linux-x64.tar.gz"

[tools.node."platforms.linux-x64-musl"]
checksum = "sha256:134e55b2408448a219760fe04dc44d6851f9de8a79549021ffd870e9082d9e7b"
url = "https://nodejs.org/dist/v25.9.0/node-v25.9.0-linux-x64.tar.gz"

[tools.node."platforms.macos-arm64"]
checksum = "sha256:e479f3c469d3d9303a44f00a8ea37a3788395d171bb8059c48a4bbbd2e371b59"
url = "https://nodejs.org/dist/v25.9.0/node-v25.9.0-darwin-arm64.tar.gz"

[tools.node."platforms.macos-x64"]
checksum = "sha256:7d737b53ce191142bfa1c17cfa5b070d96e84eebf76b8dd06d84981cbdc3f7e3"
url = "https://nodejs.org/dist/v25.9.0/node-v25.9.0-darwin-x64.tar.gz"

[tools.node."platforms.windows-x64"]
checksum = "sha256:929552b8305effac843ba7b4270c437aefb702fc3fbd73fcd1bffd35d4ac284e"
url = "https://nodejs.org/dist/v25.9.0/node-v25.9.0-win-x64.zip"

[[tools.poetry]]
version = "2.4.1"
backend = "asdf:mise-plugins/mise-poetry"

[[tools.python]]
version = "3.14.5"
backend = "core:python"

[tools.python."platforms.linux-arm64"]
checksum = "sha256:bea1aa66159eaf97ade1225e40b7060d709154da961aa37792bb8066d8f6af49"
url = "https://github.com/astral-sh/python-build-standalone/releases/download/20260510/cpython-3.14.5+20260510-aarch64-unknown-linux-gnu-install_only_stripped.tar.gz"
provenance = "github-attestations"

[tools.python."platforms.linux-arm64-musl"]
checksum = "sha256:011e29568c2a6ed64938fba0793ca6225c99bc4d804143a26875b5f9ee3fc7fa"
url = "https://github.com/astral-sh/python-build-standalone/releases/download/20260510/cpython-3.14.5+20260510-aarch64-unknown-linux-musl-install_only_stripped.tar.gz"
provenance = "github-attestations"

[tools.python."platforms.linux-x64"]
checksum = "sha256:dc10977b0db3bef1ee2275107fde6fe9c148135b556fa352e83c6baa67d17ed6"
url = "https://github.com/astral-sh/python-build-standalone/releases/download/20260510/cpython-3.14.5+20260510-x86_64-unknown-linux-gnu-install_only_stripped.tar.gz"
provenance = "github-attestations"

[tools.python."platforms.linux-x64-musl"]
checksum = "sha256:6bc02ce4575e5d5379f4533f3d3f77acfdfd5ccd9c4edf790fcdd84578a1df01"
url = "https://github.com/astral-sh/python-build-standalone/releases/download/20260510/cpython-3.14.5+20260510-x86_64-unknown-linux-musl-install_only_stripped.tar.gz"
provenance = "github-attestations"

[tools.python."platforms.macos-arm64"]
checksum = "blake3:8e7fb40cb57142654daad85c704e742080f2de52394006cf91db55572498ed37"
url = "https://github.com/astral-sh/python-build-standalone/releases/download/20260510/cpython-3.14.5+20260510-aarch64-apple-darwin-install_only_stripped.tar.gz"
provenance = "github-attestations"

[tools.python."platforms.macos-x64"]
checksum = "sha256:38662e526797db4e90b3381706b96821979fece0b536ac14b5c4e1a97e0590d5"
url = "https://github.com/astral-sh/python-build-standalone/releases/download/20260510/cpython-3.14.5+20260510-x86_64-apple-darwin-install_only_stripped.tar.gz"
provenance = "github-attestations"

[tools.python."platforms.windows-x64"]
checksum = "sha256:4d26ade49e9571ccb3bd1a88cfc72c52b11a9a9f6e204a57f38592aed137566a"
url = "https://github.com/astral-sh/python-build-standalone/releases/download/20260510/cpython-3.14.5+20260510-x86_64-pc-windows-msvc-install_only_stripped.tar.gz"
provenance = "github-attestations"

[[tools.ruby]]
version = "4.0.5"
backend = "core:ruby"

[tools.ruby."platforms.linux-arm64"]
checksum = "sha256:fa8d337b2e97149f17d609cec5e6e5907f032390ad24bc3095f66157ce2eddf1"
url = "https://github.com/jdx/ruby/releases/download/4.0.5-1/ruby-4.0.5.arm64_linux.tar.gz"
provenance = "github-attestations"

[tools.ruby."platforms.linux-arm64-musl"]
checksum = "sha256:fa8d337b2e97149f17d609cec5e6e5907f032390ad24bc3095f66157ce2eddf1"
url = "https://github.com/jdx/ruby/releases/download/4.0.5-1/ruby-4.0.5.arm64_linux.tar.gz"
provenance = "github-attestations"

[tools.ruby."platforms.linux-x64"]
checksum = "sha256:831f0e8bdc423156065d7965116f8d5c5fac943aff9128342094e2d745bd2051"
url = "https://github.com/jdx/ruby/releases/download/4.0.5-1/ruby-4.0.5.x86_64_linux.tar.gz"
provenance = "github-attestations"

[tools.ruby."platforms.linux-x64-musl"]
checksum = "sha256:831f0e8bdc423156065d7965116f8d5c5fac943aff9128342094e2d745bd2051"
url = "https://github.com/jdx/ruby/releases/download/4.0.5-1/ruby-4.0.5.x86_64_linux.tar.gz"
provenance = "github-attestations"

[tools.ruby."platforms.macos-arm64"]
checksum = "sha256:cc07d78e61eef4a0d04fce62bce56b6822b261dbed30bad306f6bc7f9ca7085d"
url = "https://github.com/jdx/ruby/releases/download/4.0.5-1/ruby-4.0.5.macos.tar.gz"
provenance = "github-attestations"

[tools.ruby."platforms.macos-x64"]
checksum = "sha256:7d6149079a63f8ae1d326c9fa65c6019ba2dc3155eae7b39159817911c88958e"
url = "https://cache.ruby-lang.org/pub/ruby/4.0/ruby-4.0.5.tar.gz"

[tools.ruby."platforms.windows-x64"]
checksum = "sha256:74e31613fc71e6e23431dfc4d8b6ec2818a4dc1fd16e0983b074144c16719c8b"
url = "https://github.com/oneclick/rubyinstaller2/releases/download/RubyInstaller-4.0.5-1/rubyinstaller-4.0.5-1-x64.7z"

[[tools.uv]]
version = "0.11.16"
backend = "aqua:astral-sh/uv"

[tools.uv."platforms.linux-arm64"]
checksum = "sha256:ac022d96411143b9a2dd75ea711fa8dd4cd14538bf248f2e5df3c10a80f7f6a4"
url = "https://github.com/astral-sh/uv/releases/download/0.11.16/uv-aarch64-unknown-linux-musl.tar.gz"
provenance = "github-attestations"

[tools.uv."platforms.linux-arm64-musl"]
checksum = "sha256:ac022d96411143b9a2dd75ea711fa8dd4cd14538bf248f2e5df3c10a80f7f6a4"
url = "https://github.com/astral-sh/uv/releases/download/0.11.16/uv-aarch64-unknown-linux-musl.tar.gz"
provenance = "github-attestations"

[tools.uv."platforms.linux-x64"]
checksum = "sha256:1bc4be1be0a000f893b0d1db97906cf392b63fa22fda9a0ecf33d0d4bbb4bc9a"
url = "https://github.com/astral-sh/uv/releases/download/0.11.16/uv-x86_64-unknown-linux-musl.tar.gz"
provenance = "github-attestations"

[tools.uv."platforms.linux-x64-musl"]
checksum = "sha256:1bc4be1be0a000f893b0d1db97906cf392b63fa22fda9a0ecf33d0d4bbb4bc9a"
url = "https://github.com/astral-sh/uv/releases/download/0.11.16/uv-x86_64-unknown-linux-musl.tar.gz"
provenance = "github-attestations"

[tools.uv."platforms.macos-arm64"]
checksum = "sha256:2b25be1af546be330b340b0a76b99f989daa6d92678fdffb87438e661e9d88fb"
url = "https://github.com/astral-sh/uv/releases/download/0.11.16/uv-aarch64-apple-darwin.tar.gz"
provenance = "github-attestations"

[tools.uv."platforms.macos-x64"]
checksum = "sha256:6b91ae3de155f51bd1f5b74814821c79f016a176561f252cd9ddfb976939af2e"
url = "https://github.com/astral-sh/uv/releases/download/0.11.16/uv-x86_64-apple-darwin.tar.gz"
provenance = "github-attestations"

[tools.uv."platforms.windows-x64"]
checksum = "sha256:dd9d6d6554bfab265bfa98aa8e8a406c5c3a7b97582f93de1f4d48d9154a0395"
url = "https://github.com/astral-sh/uv/releases/download/0.11.16/uv-x86_64-pc-windows-msvc.zip"
provenance = "github-attestations"

[[tools.yarn]]
version = "4.15.0"
backend = "vfox:mise-plugins/vfox-yarn"
