# @generated - this file is auto-generated by `mise lock` https://mise.en.dev/dev-tools/mise-lock.html

[[tools.go]]
version = "1.25.4"
backend = "core:go"

[tools.go."platforms.linux-arm64"]
checksum = "sha256:a68e86d4b72c2c2fecf7dfed667680b6c2a071221bbdb6913cf83ce3f80d9ff0"
url = "https://dl.google.com/go/go1.25.4.linux-arm64.tar.gz"

[tools.go."platforms.linux-arm64-musl"]
checksum = "sha256:a68e86d4b72c2c2fecf7dfed667680b6c2a071221bbdb6913cf83ce3f80d9ff0"
url = "https://dl.google.com/go/go1.25.4.linux-arm64.tar.gz"

[tools.go."platforms.linux-x64"]
checksum = "sha256:9fa5ffeda4170de60f67f3aa0f824e426421ba724c21e133c1e35d6159ca1bec"
url = "https://dl.google.com/go/go1.25.4.linux-amd64.tar.gz"

[tools.go."platforms.linux-x64-musl"]
checksum = "sha256:9fa5ffeda4170de60f67f3aa0f824e426421ba724c21e133c1e35d6159ca1bec"
url = "https://dl.google.com/go/go1.25.4.linux-amd64.tar.gz"

[tools.go."platforms.macos-arm64"]
checksum = "sha256:c1b04e74251fe1dfbc5382e73d0c6d96f49642d8aebb7ee10a7ecd4cae36ebd2"
url = "https://dl.google.com/go/go1.25.4.darwin-arm64.tar.gz"

[tools.go."platforms.macos-x64"]
checksum = "sha256:33ba03ff9973f5bd26d516eea35328832a9525ecc4d169b15937ffe2ce66a7d8"
url = "https://dl.google.com/go/go1.25.4.darwin-amd64.tar.gz"

[tools.go."platforms.windows-x64"]
checksum = "sha256:6dad204d42719795f22067553b2b042c0e710b32c5a00f6c67892865167fdfd0"
url = "https://dl.google.com/go/go1.25.4.windows-amd64.zip"

[[tools.java]]
version = "26.0.1"
backend = "core:java"

[tools.java."platforms.macos-arm64"]
checksum = "sha256:b2d57405194a312ed4ec6ec08e83b314d3fd2e425e895d704ec5ef8ea6059e17"
url = "https://download.java.net/java/GA/jdk26.0.1/458fda22e4c54d5ba572ab8d2b22eb83/8/GPL/openjdk-26.0.1_macos-aarch64_bin.tar.gz"

[[tools.node]]
version = "25.9.0"
backend = "core:node"

[tools.node."platforms.linux-arm64"]
checksum = "sha256:8fb4283301b8c720fc9f18bffff0f659e72cc14d0cf207a3bb411808aaa73a57"
url = "https://nodejs.org/dist/v25.9.0/node-v25.9.0-linux-arm64.tar.gz"

[tools.node."platforms.linux-arm64-musl"]
checksum = "sha256:8fb4283301b8c720fc9f18bffff0f659e72cc14d0cf207a3bb411808aaa73a57"
url = "https://nodejs.org/dist/v25.9.0/node-v25.9.0-linux-arm64.tar.gz"

[tools.node."platforms.linux-x64"]
checksum = "sha256:134e55b2408448a219760fe04dc44d6851f9de8a79549021ffd870e9082d9e7b"
url = "https://nodejs.org/dist/v25.9.0/node-v25.9.0-linux-x64.tar.gz"

[tools.node."platforms.linux-x64-musl"]
checksum = "sha256:134e55b2408448a219760fe04dc44d6851f9de8a79549021ffd870e9082d9e7b"
url = "https://nodejs.org/dist/v25.9.0/node-v25.9.0-linux-x64.tar.gz"

[tools.node."platforms.macos-arm64"]
checksum = "sha256:e479f3c469d3d9303a44f00a8ea37a3788395d171bb8059c48a4bbbd2e371b59"
url = "https://nodejs.org/dist/v25.9.0/node-v25.9.0-darwin-arm64.tar.gz"

[tools.node."platforms.macos-x64"]
checksum = "sha256:7d737b53ce191142bfa1c17cfa5b070d96e84eebf76b8dd06d84981cbdc3f7e3"
url = "https://nodejs.org/dist/v25.9.0/node-v25.9.0-darwin-x64.tar.gz"

[tools.node."platforms.windows-x64"]
checksum = "sha256:929552b8305effac843ba7b4270c437aefb702fc3fbd73fcd1bffd35d4ac284e"
url = "https://nodejs.org/dist/v25.9.0/node-v25.9.0-win-x64.zip"

[[tools.poetry]]
version = "2.4.0"
backend = "asdf:mise-plugins/mise-poetry"

[[tools.python]]
version = "3.14.4"
backend = "core:python"

[tools.python."platforms.linux-arm64"]
checksum = "sha256:b8b597fdb2f8dccdc502c11947b60a4b65eb6bce79cfa60c7ccf9b6e8352c60a"
url = "https://github.com/astral-sh/python-build-standalone/releases/download/20260414/cpython-3.14.4+20260414-aarch64-unknown-linux-gnu-install_only_stripped.tar.gz"
provenance = "github-attestations"

[tools.python."platforms.linux-arm64-musl"]
checksum = "sha256:a10687b226e0941632569836bc1d8fa6353a8e3e8424316467ca9cdf220b983d"
url = "https://github.com/astral-sh/python-build-standalone/releases/download/20260414/cpython-3.14.4+20260414-aarch64-unknown-linux-musl-install_only_stripped.tar.gz"
provenance = "github-attestations"

[tools.python."platforms.linux-x64"]
checksum = "sha256:fe9a9c32d13870af632cbac3dfc7528ae53597e94472aa4c7d6a42e8166136cd"
url = "https://github.com/astral-sh/python-build-standalone/releases/download/20260414/cpython-3.14.4+20260414-x86_64-unknown-linux-gnu-install_only_stripped.tar.gz"
provenance = "github-attestations"

[tools.python."platforms.linux-x64-musl"]
checksum = "sha256:d6005226cd24e780630626232c7a63243d4885fdf975dcf930a0758a0759ce14"
url = "https://github.com/astral-sh/python-build-standalone/releases/download/20260414/cpython-3.14.4+20260414-x86_64-unknown-linux-musl-install_only_stripped.tar.gz"
provenance = "github-attestations"

[tools.python."platforms.macos-arm64"]
checksum = "sha256:6f304f4ec30854611f23316578302235fb517cd970519ecdd11a8c4db87fd843"
url = "https://github.com/astral-sh/python-build-standalone/releases/download/20260414/cpython-3.14.4+20260414-aarch64-apple-darwin-install_only_stripped.tar.gz"
provenance = "github-attestations"

[tools.python."platforms.macos-x64"]
checksum = "sha256:d51250a32fa5d9f0799c7bcb71720c27b10a3afd4a7de288120f96085d508a5a"
url = "https://github.com/astral-sh/python-build-standalone/releases/download/20260414/cpython-3.14.4+20260414-x86_64-apple-darwin-install_only_stripped.tar.gz"
provenance = "github-attestations"

[tools.python."platforms.windows-x64"]
checksum = "sha256:a976991dcd085c1bb5d9a8084823a6bc8b7f9b079d8c432574a6ddd68c3a6fe1"
url = "https://github.com/astral-sh/python-build-standalone/releases/download/20260414/cpython-3.14.4+20260414-x86_64-pc-windows-msvc-install_only_stripped.tar.gz"
provenance = "github-attestations"

[[tools.ruby]]
version = "4.0.3"
backend = "core:ruby"

[tools.ruby."platforms.linux-arm64"]
checksum = "sha256:c91d89d625d63bb3b715a85100fcfab136493989a955fc49a872ec62634a172d"
url = "https://github.com/jdx/ruby/releases/download/4.0.3/ruby-4.0.3.arm64_linux.tar.gz"
provenance = "github-attestations"

[tools.ruby."platforms.linux-arm64-musl"]
checksum = "sha256:c91d89d625d63bb3b715a85100fcfab136493989a955fc49a872ec62634a172d"
url = "https://github.com/jdx/ruby/releases/download/4.0.3/ruby-4.0.3.arm64_linux.tar.gz"
provenance = "github-attestations"

[tools.ruby."platforms.linux-x64"]
checksum = "sha256:becd14e477a1b32a37a86be6fd8b0980f276d8c365b122c0ff4c644beb8991f8"
url = "https://github.com/jdx/ruby/releases/download/4.0.3/ruby-4.0.3.x86_64_linux.tar.gz"
provenance = "github-attestations"

[tools.ruby."platforms.linux-x64-musl"]
checksum = "sha256:becd14e477a1b32a37a86be6fd8b0980f276d8c365b122c0ff4c644beb8991f8"
url = "https://github.com/jdx/ruby/releases/download/4.0.3/ruby-4.0.3.x86_64_linux.tar.gz"
provenance = "github-attestations"

[tools.ruby."platforms.macos-arm64"]
checksum = "sha256:aafcce49654b91b78e5bc6c0cb1d6973b3ded260aeba21948ba1db5fe3038489"
url = "https://github.com/jdx/ruby/releases/download/4.0.3/ruby-4.0.3.macos.tar.gz"
provenance = "github-attestations"

[tools.ruby."platforms.macos-x64"]
checksum = "sha256:77964acc370d5c8375b9502e5ba6c13c03ef91ab9eb9f521c84fb42b9c9a6b0f"
url = "https://cache.ruby-lang.org/pub/ruby/4.0/ruby-4.0.3.tar.gz"

[tools.ruby."platforms.windows-x64"]
checksum = "sha256:a4094317397511e09242be1c95b32c8700fe91ebca713fb4e190de595eea5699"
url = "https://github.com/oneclick/rubyinstaller2/releases/download/RubyInstaller-4.0.3-1/rubyinstaller-4.0.3-1-x64.7z"

[[tools.uv]]
version = "0.11.11"
backend = "aqua:astral-sh/uv"

[tools.uv."platforms.linux-arm64"]
checksum = "sha256:0fc9a49b3900f77ffaccf3ff69a70ddbc1d479e70ac5d8fd6416a7577b03c5a1"
url = "https://github.com/astral-sh/uv/releases/download/0.11.11/uv-aarch64-unknown-linux-musl.tar.gz"
provenance = "github-attestations"

[tools.uv."platforms.linux-arm64-musl"]
checksum = "sha256:0fc9a49b3900f77ffaccf3ff69a70ddbc1d479e70ac5d8fd6416a7577b03c5a1"
url = "https://github.com/astral-sh/uv/releases/download/0.11.11/uv-aarch64-unknown-linux-musl.tar.gz"
provenance = "github-attestations"

[tools.uv."platforms.linux-x64"]
checksum = "sha256:80521f18ba83109acd17e0730bd8ff898c3426aa62252c627d63418b353e788a"
url = "https://github.com/astral-sh/uv/releases/download/0.11.11/uv-x86_64-unknown-linux-musl.tar.gz"
provenance = "github-attestations"

[tools.uv."platforms.linux-x64-musl"]
checksum = "sha256:80521f18ba83109acd17e0730bd8ff898c3426aa62252c627d63418b353e788a"
url = "https://github.com/astral-sh/uv/releases/download/0.11.11/uv-x86_64-unknown-linux-musl.tar.gz"
provenance = "github-attestations"

[tools.uv."platforms.macos-arm64"]
checksum = "sha256:3a185bf8f46a7b7c8b910d111825907b1638d0ae503cb3c333ae205772354046"
url = "https://github.com/astral-sh/uv/releases/download/0.11.11/uv-aarch64-apple-darwin.tar.gz"
provenance = "github-attestations"

[tools.uv."platforms.macos-x64"]
checksum = "sha256:57a1a8085b4088fbcbd5080c0c30723ba6d0692c89cd071c08a4209e8da602d1"
url = "https://github.com/astral-sh/uv/releases/download/0.11.11/uv-x86_64-apple-darwin.tar.gz"
provenance = "github-attestations"

[tools.uv."platforms.windows-x64"]
checksum = "sha256:2f75a0db2c3530b6b3c24434dc38137f61ff1f4e5f2d7b4ddc5bcd142cf58b65"
url = "https://github.com/astral-sh/uv/releases/download/0.11.11/uv-x86_64-pc-windows-msvc.zip"
provenance = "github-attestations"

[[tools.yarn]]
version = "4.14.1"
backend = "vfox:mise-plugins/vfox-yarn"
