# @generated - this file is auto-generated by `mise lock` https://mise.jdx.dev/dev-tools/mise-lock.html

[[tools.go]]
version = "1.25.4"
backend = "core:go"

[tools.go."platforms.linux-arm64"]
checksum = "sha256:a68e86d4b72c2c2fecf7dfed667680b6c2a071221bbdb6913cf83ce3f80d9ff0"
url = "https://dl.google.com/go/go1.25.4.linux-arm64.tar.gz"

[tools.go."platforms.linux-arm64-musl"]
checksum = "sha256:a68e86d4b72c2c2fecf7dfed667680b6c2a071221bbdb6913cf83ce3f80d9ff0"
url = "https://dl.google.com/go/go1.25.4.linux-arm64.tar.gz"

[tools.go."platforms.linux-x64"]
checksum = "sha256:9fa5ffeda4170de60f67f3aa0f824e426421ba724c21e133c1e35d6159ca1bec"
url = "https://dl.google.com/go/go1.25.4.linux-amd64.tar.gz"

[tools.go."platforms.linux-x64-musl"]
checksum = "sha256:9fa5ffeda4170de60f67f3aa0f824e426421ba724c21e133c1e35d6159ca1bec"
url = "https://dl.google.com/go/go1.25.4.linux-amd64.tar.gz"

[tools.go."platforms.macos-arm64"]
checksum = "sha256:c1b04e74251fe1dfbc5382e73d0c6d96f49642d8aebb7ee10a7ecd4cae36ebd2"
url = "https://dl.google.com/go/go1.25.4.darwin-arm64.tar.gz"

[tools.go."platforms.macos-x64"]
checksum = "sha256:33ba03ff9973f5bd26d516eea35328832a9525ecc4d169b15937ffe2ce66a7d8"
url = "https://dl.google.com/go/go1.25.4.darwin-amd64.tar.gz"

[tools.go."platforms.windows-x64"]
checksum = "sha256:6dad204d42719795f22067553b2b042c0e710b32c5a00f6c67892865167fdfd0"
url = "https://dl.google.com/go/go1.25.4.windows-amd64.zip"

[[tools.java]]
version = "26.0.0"
backend = "core:java"

[tools.java."platforms.macos-arm64"]
checksum = "sha256:f2561e09371fdc9dd51b060d73a92886304a4eba19ead6ac4861f5e9cf7457a6"
url = "https://download.java.net/java/GA/jdk26/c3cc523845074aa0af4f5e1e1ed4151d/34/GPL/openjdk-26_macos-aarch64_bin.tar.gz"

[[tools.node]]
version = "25.7.0"
backend = "core:node"

[tools.node."platforms.linux-arm64"]
checksum = "sha256:3a73c9145547b5d2e29491b0ed6a37b95306b784eb83cdb2361f1e2e76fa237f"
url = "https://nodejs.org/dist/v25.7.0/node-v25.7.0-linux-arm64.tar.gz"

[tools.node."platforms.linux-arm64-musl"]
checksum = "sha256:3a73c9145547b5d2e29491b0ed6a37b95306b784eb83cdb2361f1e2e76fa237f"
url = "https://nodejs.org/dist/v25.7.0/node-v25.7.0-linux-arm64.tar.gz"

[tools.node."platforms.linux-x64"]
checksum = "sha256:033ad3a740d62d3c7e3aaa1fecfeec16a719d4af33ab030666bf171057b070d9"
url = "https://nodejs.org/dist/v25.7.0/node-v25.7.0-linux-x64.tar.gz"

[tools.node."platforms.linux-x64-musl"]
checksum = "sha256:033ad3a740d62d3c7e3aaa1fecfeec16a719d4af33ab030666bf171057b070d9"
url = "https://nodejs.org/dist/v25.7.0/node-v25.7.0-linux-x64.tar.gz"

[tools.node."platforms.macos-arm64"]
checksum = "sha256:d4e3cfe5e6bddda41ba0c683e37329632465b93371ddc538c763578758d5bc35"
url = "https://nodejs.org/dist/v25.7.0/node-v25.7.0-darwin-arm64.tar.gz"

[tools.node."platforms.macos-x64"]
checksum = "sha256:f83929f4a84ae5a88c2a5333466b100dd101658063592497626ae9eea15b3b1b"
url = "https://nodejs.org/dist/v25.7.0/node-v25.7.0-darwin-x64.tar.gz"

[tools.node."platforms.windows-x64"]
checksum = "sha256:4a66eac416c30474fe9c3f0ef7d4ffc85a8797cbc35f6b8566dfbce02789a9c4"
url = "https://nodejs.org/dist/v25.7.0/node-v25.7.0-win-x64.zip"

[[tools.poetry]]
version = "2.3.2"
backend = "asdf:mise-plugins/mise-poetry"

[[tools.python]]
version = "3.14.3"
backend = "core:python"

[tools.python."platforms.linux-arm64"]
checksum = "sha256:89e2cfba1b1ca974a8d2b7aa054d8c32a9301b1168fde2bf1c9a5270488c018f"
url = "https://github.com/astral-sh/python-build-standalone/releases/download/20260310/cpython-3.14.3+20260310-aarch64-unknown-linux-gnu-install_only_stripped.tar.gz"

[tools.python."platforms.linux-arm64-musl"]
checksum = "sha256:89e2cfba1b1ca974a8d2b7aa054d8c32a9301b1168fde2bf1c9a5270488c018f"
url = "https://github.com/astral-sh/python-build-standalone/releases/download/20260310/cpython-3.14.3+20260310-aarch64-unknown-linux-gnu-install_only_stripped.tar.gz"

[tools.python."platforms.linux-x64"]
checksum = "sha256:0023aa5e9930a70585e1b639055f4928f76080b2e1dcc2458453b595155a50ee"
url = "https://github.com/astral-sh/python-build-standalone/releases/download/20260310/cpython-3.14.3+20260310-x86_64-unknown-linux-gnu-install_only_stripped.tar.gz"

[tools.python."platforms.linux-x64-musl"]
checksum = "sha256:0023aa5e9930a70585e1b639055f4928f76080b2e1dcc2458453b595155a50ee"
url = "https://github.com/astral-sh/python-build-standalone/releases/download/20260310/cpython-3.14.3+20260310-x86_64-unknown-linux-gnu-install_only_stripped.tar.gz"

[tools.python."platforms.macos-arm64"]
checksum = "sha256:1a98bbe7e63547d2f764bc9119f6d604dfb333f21afab5f4885dc362b4f3a921"
url = "https://github.com/astral-sh/python-build-standalone/releases/download/20260310/cpython-3.14.3+20260310-aarch64-apple-darwin-install_only_stripped.tar.gz"

[tools.python."platforms.macos-x64"]
checksum = "sha256:a974fefb14c2b724ca87830240d36fc865780391ec9e1e2db28a1d5f58f5fae2"
url = "https://github.com/astral-sh/python-build-standalone/releases/download/20260310/cpython-3.14.3+20260310-x86_64-apple-darwin-install_only_stripped.tar.gz"

[tools.python."platforms.windows-x64"]
checksum = "sha256:8458fdf45b9b47685a7dea76d72a4b8cf946091fe48cac43d3564f7f318e8c0f"
url = "https://github.com/astral-sh/python-build-standalone/releases/download/20260310/cpython-3.14.3+20260310-x86_64-pc-windows-msvc-install_only_stripped.tar.gz"

[[tools.ruby]]
version = "4.0.1"
backend = "core:ruby"

[tools.ruby."platforms.linux-arm64"]
checksum = "sha256:59f6f03b5113afac408248c7b762a8a4d8bbe223917ef3cc56614d061e296f92"
url = "https://github.com/jdx/ruby/releases/download/4.0.1/ruby-4.0.1.arm64_linux.tar.gz"
provenance = "github-attestations"

[tools.ruby."platforms.linux-arm64-musl"]
checksum = "sha256:59f6f03b5113afac408248c7b762a8a4d8bbe223917ef3cc56614d061e296f92"
url = "https://github.com/jdx/ruby/releases/download/4.0.1/ruby-4.0.1.arm64_linux.tar.gz"
provenance = "github-attestations"

[tools.ruby."platforms.linux-x64"]
checksum = "sha256:df9793cc730f782273fb17c70bc205f724fd2e127e95c0c059ae198705110b98"
url = "https://github.com/jdx/ruby/releases/download/4.0.1/ruby-4.0.1.x86_64_linux.tar.gz"
provenance = "github-attestations"

[tools.ruby."platforms.linux-x64-musl"]
checksum = "sha256:df9793cc730f782273fb17c70bc205f724fd2e127e95c0c059ae198705110b98"
url = "https://github.com/jdx/ruby/releases/download/4.0.1/ruby-4.0.1.x86_64_linux.tar.gz"
provenance = "github-attestations"

[tools.ruby."platforms.macos-arm64"]
checksum = "sha256:d5fd316eabcbe58e33be6b44125c7b22f87da90bae0d7e28ffc6be34abe1476e"
url = "https://github.com/jdx/ruby/releases/download/4.0.1/ruby-4.0.1.macos.tar.gz"
provenance = "github-attestations"

[tools.ruby."platforms.macos-x64"]
checksum = "sha256:3924be2d05db30f4e35f859bf028be85f4b7dd01714142fd823e4af5de2faf9d"
url = "https://cache.ruby-lang.org/pub/ruby/4.0/ruby-4.0.1.tar.gz"

[tools.ruby."platforms.windows-x64"]
checksum = "sha256:45cd5ac6aa0fdd976acbc0b0c768e38e8f5357b1b07d2c803cccafd7de758fb1"
url = "https://github.com/oneclick/rubyinstaller2/releases/download/RubyInstaller-4.0.1-1/rubyinstaller-4.0.1-1-x64.7z"

[[tools.uv]]
version = "0.10.11"
backend = "aqua:astral-sh/uv"

[tools.uv."platforms.linux-arm64"]
checksum = "sha256:5d80a7f6343d2676dfde1e5126582070a2bbc62df6f60d5527a169be3788532a"
url = "https://github.com/astral-sh/uv/releases/download/0.10.11/uv-aarch64-unknown-linux-musl.tar.gz"

[tools.uv."platforms.linux-arm64-musl"]
checksum = "sha256:5d80a7f6343d2676dfde1e5126582070a2bbc62df6f60d5527a169be3788532a"
url = "https://github.com/astral-sh/uv/releases/download/0.10.11/uv-aarch64-unknown-linux-musl.tar.gz"

[tools.uv."platforms.linux-x64"]
checksum = "sha256:d78246139dc6cf3ed6d03c84da762686bced7ad1de67977ee372a45b95a1f6d0"
url = "https://github.com/astral-sh/uv/releases/download/0.10.11/uv-x86_64-unknown-linux-musl.tar.gz"

[tools.uv."platforms.linux-x64-musl"]
checksum = "sha256:d78246139dc6cf3ed6d03c84da762686bced7ad1de67977ee372a45b95a1f6d0"
url = "https://github.com/astral-sh/uv/releases/download/0.10.11/uv-x86_64-unknown-linux-musl.tar.gz"

[tools.uv."platforms.macos-arm64"]
checksum = "sha256:437a7d498dd6564d5bf986074249ba1fc600e73da55ae04d7bd4c24d5f149b95"
url = "https://github.com/astral-sh/uv/releases/download/0.10.11/uv-aarch64-apple-darwin.tar.gz"
provenance = "github-attestations"

[tools.uv."platforms.macos-x64"]
checksum = "sha256:ff90020b554cf02ef8008535c9aab6ef27bb7be6b075359300dec79c361df897"
url = "https://github.com/astral-sh/uv/releases/download/0.10.11/uv-x86_64-apple-darwin.tar.gz"

[tools.uv."platforms.windows-x64"]
checksum = "sha256:9ee74df98582f37fdd6069e1caac80d2616f9a489f5dbb2b1c152f30be69c58e"
url = "https://github.com/astral-sh/uv/releases/download/0.10.11/uv-x86_64-pc-windows-msvc.zip"

[[tools.yarn]]
version = "4.13.0"
backend = "vfox:mise-plugins/vfox-yarn"
